
Microsoft Visual Studio Solution File, Format Version 12.00
# Visual Studio Version 17
VisualStudioVersion = 17.11.35312.102
MinimumVisualStudioVersion = 10.0.40219.1
Project("{FAE04EC0-301F-11D3-BF4B-00C04F79EFBC}") = "C#Calculator", "C#Calculator\C#Calculator.csproj", "{57D4FC1E-9B90-4C52-9AD0-0BCA20A886B6}"
EndProject
Global
	GlobalSection(SolutionConfigurationPlatforms) = preSolution
		Debug|Any CPU = Debug|Any CPU
		Release|Any CPU = Release|Any CPU
	EndGlobalSection
	GlobalSection(ProjectConfigurationPlatforms) = postSolution
		{57D4FC1E-9B90-4C52-9AD0-0BCA20A886B6}.Debug|Any CPU.ActiveCfg = Debug|Any CPU
		{57D4FC1E-9B90-4C52-9AD0-0BCA20A886B6}.Debug|Any CPU.Build.0 = Debug|Any CPU
		{57D4FC1E-9B90-4C52-9AD0-0BCA20A886B6}.Release|Any CPU.ActiveCfg = Release|Any CPU
		{57D4FC1E-9B90-4C52-9AD0-0BCA20A886B6}.Release|Any CPU.Build.0 = Release|Any CPU
	EndGlobalSection
	GlobalSection(SolutionProperties) = preSolution
		HideSolutionNode = FALSE
	EndGlobalSection
	GlobalSection(ExtensibilityGlobals) = postSolution
		SolutionGuid = {2DF39DD9-95DE-4264-8F34-BED2410AB3D4}
	EndGlobalSection
EndGlobal
